// !$*UTF8*$!
{
	archiveVersion = 1;
	classes = {
	};
	objectVersion = 56;
	objects = {

/* Begin PBXBuildFile section */
		50A316522A36ABAD0068F6DC /* LandmarksApp.swift in Sources */ = {isa = PBXBuildFile; fileRef = 50A316512A36ABAD0068F6DC /* LandmarksApp.swift */; };
		50A316542A36ABAD0068F6DC /* ContentView.swift in Sources */ = {isa = PBXBuildFile; fileRef = 50A316532A36ABAD0068F6DC /* ContentView.swift */; };
		50A316562A36ABAE0068F6DC /* Assets.xcassets in Resources */ = {isa = PBXBuildFile; fileRef = 50A316552A36ABAE0068F6DC /* Assets.xcassets */; };
		50A316592A36ABAE0068F6DC /* Preview Assets.xcassets in Resources */ = {isa = PBXBuildFile; fileRef = 50A316582A36ABAE0068F6DC /* Preview Assets.xcassets */; };
		50A316632A36ABAE0068F6DC /* LandmarksTests.swift in Sources */ = {isa = PBXBuildFile; fileRef = 50A316622A36ABAE0068F6DC /* LandmarksTests.swift */; };
		50A3166D2A36ABAE0068F6DC /* LandmarksUITests.swift in Sources */ = {isa = PBXBuildFile; fileRef = 50A3166C2A36ABAE0068F6DC /* LandmarksUITests.swift */; };
		50A3166F2A36ABAE0068F6DC /* LandmarksUITestsLaunchTests.swift in Sources */ = {isa = PBXBuildFile; fileRef = 50A3166E2A36ABAE0068F6DC /* LandmarksUITestsLaunchTests.swift */; };
		50A3167C2A36B4A40068F6DC /* CircleImage.swift in Sources */ = {isa = PBXBuildFile; fileRef = 50A3167B2A36B4A40068F6DC /* CircleImage.swift */; };
		50A3167E2A36D1240068F6DC /* MapView.swift in Sources */ = {isa = PBXBuildFile; fileRef = 50A3167D2A36D1240068F6DC /* MapView.swift */; };
		50A316802A36D4960068F6DC /* landmarkData.json in Resources */ = {isa = PBXBuildFile; fileRef = 50A3167F2A36D4960068F6DC /* landmarkData.json */; };
		50A316822A36D4B70068F6DC /* Landmark.swift in Sources */ = {isa = PBXBuildFile; fileRef = 50A316812A36D4B70068F6DC /* Landmark.swift */; };
		50A316842A36D6350068F6DC /* ModelData.swift in Sources */ = {isa = PBXBuildFile; fileRef = 50A316832A36D6350068F6DC /* ModelData.swift */; };
		50A316892A36D9310068F6DC /* LandmarkRow.swift in Sources */ = {isa = PBXBuildFile; fileRef = 50A316882A36D9310068F6DC /* LandmarkRow.swift */; };
		50A3168B2A36DB410068F6DC /* LandmarkList.swift in Sources */ = {isa = PBXBuildFile; fileRef = 50A3168A2A36DB410068F6DC /* LandmarkList.swift */; };
		50A3168D2A36E4500068F6DC /* LandmarkDetail.swift in Sources */ = {isa = PBXBuildFile; fileRef = 50A3168C2A36E4500068F6DC /* LandmarkDetail.swift */; };
		50A3168F2A3705C00068F6DC /* FavoriteButton.swift in Sources */ = {isa = PBXBuildFile; fileRef = 50A3168E2A3705C00068F6DC /* FavoriteButton.swift */; };
		50A316952A37119B0068F6DC /* HexagonParameters.swift in Sources */ = {isa = PBXBuildFile; fileRef = 50A316942A37119B0068F6DC /* HexagonParameters.swift */; };
		50A316972A3712690068F6DC /* BadgeBackground.swift in Sources */ = {isa = PBXBuildFile; fileRef = 50A316962A3712690068F6DC /* BadgeBackground.swift */; };
		50A316992A37144A0068F6DC /* BadgeSymbol.swift in Sources */ = {isa = PBXBuildFile; fileRef = 50A316982A37144A0068F6DC /* BadgeSymbol.swift */; };
		50A3169B2A3714CC0068F6DC /* RotatedBadgeSymbol.swift in Sources */ = {isa = PBXBuildFile; fileRef = 50A3169A2A3714CC0068F6DC /* RotatedBadgeSymbol.swift */; };
		50A3169D2A3715230068F6DC /* Badge.swift in Sources */ = {isa = PBXBuildFile; fileRef = 50A3169C2A3715230068F6DC /* Badge.swift */; };
		50A316A02A3716CB0068F6DC /* hikeData.json in Resources */ = {isa = PBXBuildFile; fileRef = 50A3169F2A3716CB0068F6DC /* hikeData.json */; };
		50A316A22A3716EF0068F6DC /* Hike.swift in Sources */ = {isa = PBXBuildFile; fileRef = 50A316A12A3716EF0068F6DC /* Hike.swift */; };
		50A316A82A3717440068F6DC /* GraphCapsule.swift in Sources */ = {isa = PBXBuildFile; fileRef = 50A316A42A3717440068F6DC /* GraphCapsule.swift */; };
		50A316A92A3717440068F6DC /* HikeGraph.swift in Sources */ = {isa = PBXBuildFile; fileRef = 50A316A52A3717440068F6DC /* HikeGraph.swift */; };
		50A316AA2A3717440068F6DC /* HikeDetail.swift in Sources */ = {isa = PBXBuildFile; fileRef = 50A316A62A3717440068F6DC /* HikeDetail.swift */; };
		50A316AB2A3717440068F6DC /* HikeView.swift in Sources */ = {isa = PBXBuildFile; fileRef = 50A316A72A3717440068F6DC /* HikeView.swift */; };
		50A316B12A3753210068F6DC /* CategoryHome.swift in Sources */ = {isa = PBXBuildFile; fileRef = 50A316B02A3753210068F6DC /* CategoryHome.swift */; };
		50A316B32A37545C0068F6DC /* CategoryRow.swift in Sources */ = {isa = PBXBuildFile; fileRef = 50A316B22A37545C0068F6DC /* CategoryRow.swift */; };
		50A316B52A37551D0068F6DC /* CategoryItem.swift in Sources */ = {isa = PBXBuildFile; fileRef = 50A316B42A37551D0068F6DC /* CategoryItem.swift */; };
		50A316B72A39940A0068F6DC /* Profile.swift in Sources */ = {isa = PBXBuildFile; fileRef = 50A316B62A39940A0068F6DC /* Profile.swift */; };
		50A316BA2A3994410068F6DC /* ProfileHost.swift in Sources */ = {isa = PBXBuildFile; fileRef = 50A316B92A3994410068F6DC /* ProfileHost.swift */; };
		50A316BC2A39947D0068F6DC /* ProfileSummary.swift in Sources */ = {isa = PBXBuildFile; fileRef = 50A316BB2A39947D0068F6DC /* ProfileSummary.swift */; };
		50A316BE2A3995180068F6DC /* HikeBadge.swift in Sources */ = {isa = PBXBuildFile; fileRef = 50A316BD2A3995180068F6DC /* HikeBadge.swift */; };
		50A316C02A3B423C0068F6DC /* ProfileEditor.swift in Sources */ = {isa = PBXBuildFile; fileRef = 50A316BF2A3B423C0068F6DC /* ProfileEditor.swift */; };
		50A316C32A3B48E70068F6DC /* PageViewController.swift in Sources */ = {isa = PBXBuildFile; fileRef = 50A316C22A3B48E70068F6DC /* PageViewController.swift */; };
		50A316C52A3B49BC0068F6DC /* FeatureCard.swift in Sources */ = {isa = PBXBuildFile; fileRef = 50A316C42A3B49BC0068F6DC /* FeatureCard.swift */; };
		50A316C72A3B4BD20068F6DC /* PageView.swift in Sources */ = {isa = PBXBuildFile; fileRef = 50A316C62A3B4BD20068F6DC /* PageView.swift */; };
/* End PBXBuildFile section */

/* Begin PBXContainerItemProxy section */
		50A3165F2A36ABAE0068F6DC /* PBXContainerItemProxy */ = {
			isa = PBXContainerItemProxy;
			containerPortal = 50A316462A36ABAD0068F6DC /* Project object */;
			proxyType = 1;
			remoteGlobalIDString = 50A3164D2A36ABAD0068F6DC;
			remoteInfo = Landmarks;
		};
		50A316692A36ABAE0068F6DC /* PBXContainerItemProxy */ = {
			isa = PBXContainerItemProxy;
			containerPortal = 50A316462A36ABAD0068F6DC /* Project object */;
			proxyType = 1;
			remoteGlobalIDString = 50A3164D2A36ABAD0068F6DC;
			remoteInfo = Landmarks;
		};
/* End PBXContainerItemProxy section */

/* Begin PBXFileReference section */
		50A3164E2A36ABAD0068F6DC /* Landmarks.app */ = {isa = PBXFileReference; explicitFileType = wrapper.application; includeInIndex = 0; path = Landmarks.app; sourceTree = BUILT_PRODUCTS_DIR; };
		50A316512A36ABAD0068F6DC /* LandmarksApp.swift */ = {isa = PBXFileReference; lastKnownFileType = sourcecode.swift; path = LandmarksApp.swift; sourceTree = "<group>"; };
		50A316532A36ABAD0068F6DC /* ContentView.swift */ = {isa = PBXFileReference; lastKnownFileType = sourcecode.swift; path = ContentView.swift; sourceTree = "<group>"; };
		50A316552A36ABAE0068F6DC /* Assets.xcassets */ = {isa = PBXFileReference; lastKnownFileType = folder.assetcatalog; path = Assets.xcassets; sourceTree = "<group>"; };
		50A316582A36ABAE0068F6DC /* Preview Assets.xcassets */ = {isa = PBXFileReference; lastKnownFileType = folder.assetcatalog; path = "Preview Assets.xcassets"; sourceTree = "<group>"; };
		50A3165E2A36ABAE0068F6DC /* LandmarksTests.xctest */ = {isa = PBXFileReference; explicitFileType = wrapper.cfbundle; includeInIndex = 0; path = LandmarksTests.xctest; sourceTree = BUILT_PRODUCTS_DIR; };
		50A316622A36ABAE0068F6DC /* LandmarksTests.swift */ = {isa = PBXFileReference; lastKnownFileType = sourcecode.swift; path = LandmarksTests.swift; sourceTree = "<group>"; };
		50A316682A36ABAE0068F6DC /* LandmarksUITests.xctest */ = {isa = PBXFileReference; explicitFileType = wrapper.cfbundle; includeInIndex = 0; path = LandmarksUITests.xctest; sourceTree = BUILT_PRODUCTS_DIR; };
		50A3166C2A36ABAE0068F6DC /* LandmarksUITests.swift */ = {isa = PBXFileReference; lastKnownFileType = sourcecode.swift; path = LandmarksUITests.swift; sourceTree = "<group>"; };
		50A3166E2A36ABAE0068F6DC /* LandmarksUITestsLaunchTests.swift */ = {isa = PBXFileReference; lastKnownFileType = sourcecode.swift; path = LandmarksUITestsLaunchTests.swift; sourceTree = "<group>"; };
		50A3167B2A36B4A40068F6DC /* CircleImage.swift */ = {isa = PBXFileReference; lastKnownFileType = sourcecode.swift; path = CircleImage.swift; sourceTree = "<group>"; };
		50A3167D2A36D1240068F6DC /* MapView.swift */ = {isa = PBXFileReference; lastKnownFileType = sourcecode.swift; path = MapView.swift; sourceTree = "<group>"; };
		50A3167F2A36D4960068F6DC /* landmarkData.json */ = {isa = PBXFileReference; fileEncoding = 4; lastKnownFileType = text.json; path = landmarkData.json; sourceTree = "<group>"; };
		50A316812A36D4B70068F6DC /* Landmark.swift */ = {isa = PBXFileReference; lastKnownFileType = sourcecode.swift; path = Landmark.swift; sourceTree = "<group>"; };
		50A316832A36D6350068F6DC /* ModelData.swift */ = {isa = PBXFileReference; lastKnownFileType = sourcecode.swift; path = ModelData.swift; sourceTree = "<group>"; };
		50A316882A36D9310068F6DC /* LandmarkRow.swift */ = {isa = PBXFileReference; lastKnownFileType = sourcecode.swift; path = LandmarkRow.swift; sourceTree = "<group>"; };
		50A3168A2A36DB410068F6DC /* LandmarkList.swift */ = {isa = PBXFileReference; lastKnownFileType = sourcecode.swift; path = LandmarkList.swift; sourceTree = "<group>"; };
		50A3168C2A36E4500068F6DC /* LandmarkDetail.swift */ = {isa = PBXFileReference; lastKnownFileType = sourcecode.swift; path = LandmarkDetail.swift; sourceTree = "<group>"; };
		50A3168E2A3705C00068F6DC /* FavoriteButton.swift */ = {isa = PBXFileReference; lastKnownFileType = sourcecode.swift; path = FavoriteButton.swift; sourceTree = "<group>"; };
		50A316942A37119B0068F6DC /* HexagonParameters.swift */ = {isa = PBXFileReference; lastKnownFileType = sourcecode.swift; path = HexagonParameters.swift; sourceTree = "<group>"; };
		50A316962A3712690068F6DC /* BadgeBackground.swift */ = {isa = PBXFileReference; lastKnownFileType = sourcecode.swift; path = BadgeBackground.swift; sourceTree = "<group>"; };
		50A316982A37144A0068F6DC /* BadgeSymbol.swift */ = {isa = PBXFileReference; lastKnownFileType = sourcecode.swift; path = BadgeSymbol.swift; sourceTree = "<group>"; };
		50A3169A2A3714CC0068F6DC /* RotatedBadgeSymbol.swift */ = {isa = PBXFileReference; lastKnownFileType = sourcecode.swift; path = RotatedBadgeSymbol.swift; sourceTree = "<group>"; };
		50A3169C2A3715230068F6DC /* Badge.swift */ = {isa = PBXFileReference; lastKnownFileType = sourcecode.swift; path = Badge.swift; sourceTree = "<group>"; };
		50A3169F2A3716CB0068F6DC /* hikeData.json */ = {isa = PBXFileReference; fileEncoding = 4; lastKnownFileType = text.json; path = hikeData.json; sourceTree = "<group>"; };
		50A316A12A3716EF0068F6DC /* Hike.swift */ = {isa = PBXFileReference; lastKnownFileType = sourcecode.swift; path = Hike.swift; sourceTree = "<group>"; };
		50A316A42A3717440068F6DC /* GraphCapsule.swift */ = {isa = PBXFileReference; fileEncoding = 4; lastKnownFileType = sourcecode.swift; path = GraphCapsule.swift; sourceTree = "<group>"; };
		50A316A52A3717440068F6DC /* HikeGraph.swift */ = {isa = PBXFileReference; fileEncoding = 4; lastKnownFileType = sourcecode.swift; path = HikeGraph.swift; sourceTree = "<group>"; };
		50A316A62A3717440068F6DC /* HikeDetail.swift */ = {isa = PBXFileReference; fileEncoding = 4; lastKnownFileType = sourcecode.swift; path = HikeDetail.swift; sourceTree = "<group>"; };
		50A316A72A3717440068F6DC /* HikeView.swift */ = {isa = PBXFileReference; fileEncoding = 4; lastKnownFileType = sourcecode.swift; path = HikeView.swift; sourceTree = "<group>"; };
		50A316B02A3753210068F6DC /* CategoryHome.swift */ = {isa = PBXFileReference; lastKnownFileType = sourcecode.swift; path = CategoryHome.swift; sourceTree = "<group>"; };
		50A316B22A37545C0068F6DC /* CategoryRow.swift */ = {isa = PBXFileReference; lastKnownFileType = sourcecode.swift; path = CategoryRow.swift; sourceTree = "<group>"; };
		50A316B42A37551D0068F6DC /* CategoryItem.swift */ = {isa = PBXFileReference; lastKnownFileType = sourcecode.swift; path = CategoryItem.swift; sourceTree = "<group>"; };
		50A316B62A39940A0068F6DC /* Profile.swift */ = {isa = PBXFileReference; lastKnownFileType = sourcecode.swift; path = Profile.swift; sourceTree = "<group>"; };
		50A316B92A3994410068F6DC /* ProfileHost.swift */ = {isa = PBXFileReference; lastKnownFileType = sourcecode.swift; path = ProfileHost.swift; sourceTree = "<group>"; };
		50A316BB2A39947D0068F6DC /* ProfileSummary.swift */ = {isa = PBXFileReference; lastKnownFileType = sourcecode.swift; path = ProfileSummary.swift; sourceTree = "<group>"; };
		50A316BD2A3995180068F6DC /* HikeBadge.swift */ = {isa = PBXFileReference; lastKnownFileType = sourcecode.swift; path = HikeBadge.swift; sourceTree = "<group>"; };
		50A316BF2A3B423C0068F6DC /* ProfileEditor.swift */ = {isa = PBXFileReference; lastKnownFileType = sourcecode.swift; path = ProfileEditor.swift; sourceTree = "<group>"; };
		50A316C22A3B48E70068F6DC /* PageViewController.swift */ = {isa = PBXFileReference; lastKnownFileType = sourcecode.swift; path = PageViewController.swift; sourceTree = "<group>"; };
		50A316C42A3B49BC0068F6DC /* FeatureCard.swift */ = {isa = PBXFileReference; lastKnownFileType = sourcecode.swift; path = FeatureCard.swift; sourceTree = "<group>"; };
		50A316C62A3B4BD20068F6DC /* PageView.swift */ = {isa = PBXFileReference; lastKnownFileType = sourcecode.swift; path = PageView.swift; sourceTree = "<group>"; };
/* End PBXFileReference section */

/* Begin PBXFrameworksBuildPhase section */
		50A3164B2A36ABAD0068F6DC /* Frameworks */ = {
			isa = PBXFrameworksBuildPhase;
			buildActionMask = 2147483647;
			files = (
			);
			runOnlyForDeploymentPostprocessing = 0;
		};
		50A3165B2A36ABAE0068F6DC /* Frameworks */ = {
			isa = PBXFrameworksBuildPhase;
			buildActionMask = 2147483647;
			files = (
			);
			runOnlyForDeploymentPostprocessing = 0;
		};
		50A316652A36ABAE0068F6DC /* Frameworks */ = {
			isa = PBXFrameworksBuildPhase;
			buildActionMask = 2147483647;
			files = (
			);
			runOnlyForDeploymentPostprocessing = 0;
		};
/* End PBXFrameworksBuildPhase section */

/* Begin PBXGroup section */
		50A316452A36ABAD0068F6DC = {
			isa = PBXGroup;
			children = (
				50A316502A36ABAD0068F6DC /* Landmarks */,
				50A316612A36ABAE0068F6DC /* LandmarksTests */,
				50A3166B2A36ABAE0068F6DC /* LandmarksUITests */,
				50A3164F2A36ABAD0068F6DC /* Products */,
			);
			sourceTree = "<group>";
		};
		50A3164F2A36ABAD0068F6DC /* Products */ = {
			isa = PBXGroup;
			children = (
				50A3164E2A36ABAD0068F6DC /* Landmarks.app */,
				50A3165E2A36ABAE0068F6DC /* LandmarksTests.xctest */,
				50A316682A36ABAE0068F6DC /* LandmarksUITests.xctest */,
			);
			name = Products;
			sourceTree = "<group>";
		};
		50A316502A36ABAD0068F6DC /* Landmarks */ = {
			isa = PBXGroup;
			children = (
				50A316512A36ABAD0068F6DC /* LandmarksApp.swift */,
				50A316552A36ABAE0068F6DC /* Assets.xcassets */,
				50A316862A36D70A0068F6DC /* Model */,
				50A316572A36ABAE0068F6DC /* Preview Content */,
				50A316872A36D72A0068F6DC /* Resources */,
				50A316852A36D6FE0068F6DC /* Views */,
			);
			path = Landmarks;
			sourceTree = "<group>";
		};
		50A316572A36ABAE0068F6DC /* Preview Content */ = {
			isa = PBXGroup;
			children = (
				50A316582A36ABAE0068F6DC /* Preview Assets.xcassets */,
			);
			path = "Preview Content";
			sourceTree = "<group>";
		};
		50A316612A36ABAE0068F6DC /* LandmarksTests */ = {
			isa = PBXGroup;
			children = (
				50A316622A36ABAE0068F6DC /* LandmarksTests.swift */,
			);
			path = LandmarksTests;
			sourceTree = "<group>";
		};
		50A3166B2A36ABAE0068F6DC /* LandmarksUITests */ = {
			isa = PBXGroup;
			children = (
				50A3166C2A36ABAE0068F6DC /* LandmarksUITests.swift */,
				50A3166E2A36ABAE0068F6DC /* LandmarksUITestsLaunchTests.swift */,
			);
			path = LandmarksUITests;
			sourceTree = "<group>";
		};
		50A316852A36D6FE0068F6DC /* Views */ = {
			isa = PBXGroup;
			children = (
				50A316C12A3B48CC0068F6DC /* PageView */,
				50A316B82A3994350068F6DC /* Profiles */,
				50A316AC2A3752B20068F6DC /* Categories */,
				50A316A32A3717440068F6DC /* Hikes */,
				50A3169E2A3715A40068F6DC /* Badges */,
				50A316912A37064D0068F6DC /* Landmarks */,
				50A316902A3706450068F6DC /* Helpers */,
				50A316532A36ABAD0068F6DC /* ContentView.swift */,
			);
			path = Views;
			sourceTree = "<group>";
		};
		50A316862A36D70A0068F6DC /* Model */ = {
			isa = PBXGroup;
			children = (
				50A316812A36D4B70068F6DC /* Landmark.swift */,
				50A316832A36D6350068F6DC /* ModelData.swift */,
				50A316A12A3716EF0068F6DC /* Hike.swift */,
				50A316B62A39940A0068F6DC /* Profile.swift */,
			);
			path = Model;
			sourceTree = "<group>";
		};
		50A316872A36D72A0068F6DC /* Resources */ = {
			isa = PBXGroup;
			children = (
				50A3169F2A3716CB0068F6DC /* hikeData.json */,
				50A3167F2A36D4960068F6DC /* landmarkData.json */,
			);
			path = Resources;
			sourceTree = "<group>";
		};
		50A316902A3706450068F6DC /* Helpers */ = {
			isa = PBXGroup;
			children = (
				50A3167B2A36B4A40068F6DC /* CircleImage.swift */,
				50A3167D2A36D1240068F6DC /* MapView.swift */,
				50A3168E2A3705C00068F6DC /* FavoriteButton.swift */,
			);
			path = Helpers;
			sourceTree = "<group>";
		};
		50A316912A37064D0068F6DC /* Landmarks */ = {
			isa = PBXGroup;
			children = (
				50A316882A36D9310068F6DC /* LandmarkRow.swift */,
				50A3168A2A36DB410068F6DC /* LandmarkList.swift */,
				50A3168C2A36E4500068F6DC /* LandmarkDetail.swift */,
			);
			path = Landmarks;
			sourceTree = "<group>";
		};
		50A3169E2A3715A40068F6DC /* Badges */ = {
			isa = PBXGroup;
			children = (
				50A316942A37119B0068F6DC /* HexagonParameters.swift */,
				50A316962A3712690068F6DC /* BadgeBackground.swift */,
				50A316982A37144A0068F6DC /* BadgeSymbol.swift */,
				50A3169A2A3714CC0068F6DC /* RotatedBadgeSymbol.swift */,
				50A3169C2A3715230068F6DC /* Badge.swift */,
			);
			path = Badges;
			sourceTree = "<group>";
		};
		50A316A32A3717440068F6DC /* Hikes */ = {
			isa = PBXGroup;
			children = (
				50A316A42A3717440068F6DC /* GraphCapsule.swift */,
				50A316A52A3717440068F6DC /* HikeGraph.swift */,
				50A316A62A3717440068F6DC /* HikeDetail.swift */,
				50A316A72A3717440068F6DC /* HikeView.swift */,
				50A316BD2A3995180068F6DC /* HikeBadge.swift */,
			);
			path = Hikes;
			sourceTree = "<group>";
		};
		50A316AC2A3752B20068F6DC /* Categories */ = {
			isa = PBXGroup;
			children = (
				50A316B02A3753210068F6DC /* CategoryHome.swift */,
				50A316B22A37545C0068F6DC /* CategoryRow.swift */,
				50A316B42A37551D0068F6DC /* CategoryItem.swift */,
			);
			path = Categories;
			sourceTree = "<group>";
		};
		50A316B82A3994350068F6DC /* Profiles */ = {
			isa = PBXGroup;
			children = (
				50A316B92A3994410068F6DC /* ProfileHost.swift */,
				50A316BB2A39947D0068F6DC /* ProfileSummary.swift */,
				50A316BF2A3B423C0068F6DC /* ProfileEditor.swift */,
			);
			path = Profiles;
			sourceTree = "<group>";
		};
		50A316C12A3B48CC0068F6DC /* PageView */ = {
			isa = PBXGroup;
			children = (
				50A316C42A3B49BC0068F6DC /* FeatureCard.swift */,
				50A316C22A3B48E70068F6DC /* PageViewController.swift */,
				50A316C62A3B4BD20068F6DC /* PageView.swift */,
			);
			path = PageView;
			sourceTree = "<group>";
		};
/* End PBXGroup section */

/* Begin PBXNativeTarget section */
		50A3164D2A36ABAD0068F6DC /* Landmarks */ = {
			isa = PBXNativeTarget;
			buildConfigurationList = 50A316722A36ABAE0068F6DC /* Build configuration list for PBXNativeTarget "Landmarks" */;
			buildPhases = (
				50A3164A2A36ABAD0068F6DC /* Sources */,
				50A3164B2A36ABAD0068F6DC /* Frameworks */,
				50A3164C2A36ABAD0068F6DC /* Resources */,
			);
			buildRules = (
			);
			dependencies = (
			);
			name = Landmarks;
			productName = Landmarks;
			productReference = 50A3164E2A36ABAD0068F6DC /* Landmarks.app */;
			productType = "com.apple.product-type.application";
		};
		50A3165D2A36ABAE0068F6DC /* LandmarksTests */ = {
			isa = PBXNativeTarget;
			buildConfigurationList = 50A316752A36ABAE0068F6DC /* Build configuration list for PBXNativeTarget "LandmarksTests" */;
			buildPhases = (
				50A3165A2A36ABAE0068F6DC /* Sources */,
				50A3165B2A36ABAE0068F6DC /* Frameworks */,
				50A3165C2A36ABAE0068F6DC /* Resources */,
			);
			buildRules = (
			);
			dependencies = (
				50A316602A36ABAE0068F6DC /* PBXTargetDependency */,
			);
			name = LandmarksTests;
			productName = LandmarksTests;
			productReference = 50A3165E2A36ABAE0068F6DC /* LandmarksTests.xctest */;
			productType = "com.apple.product-type.bundle.unit-test";
		};
		50A316672A36ABAE0068F6DC /* LandmarksUITests */ = {
			isa = PBXNativeTarget;
			buildConfigurationList = 50A316782A36ABAE0068F6DC /* Build configuration list for PBXNativeTarget "LandmarksUITests" */;
			buildPhases = (
				50A316642A36ABAE0068F6DC /* Sources */,
				50A316652A36ABAE0068F6DC /* Frameworks */,
				50A316662A36ABAE0068F6DC /* Resources */,
			);
			buildRules = (
			);
			dependencies = (
				50A3166A2A36ABAE0068F6DC /* PBXTargetDependency */,
			);
			name = LandmarksUITests;
			productName = LandmarksUITests;
			productReference = 50A316682A36ABAE0068F6DC /* LandmarksUITests.xctest */;
			productType = "com.apple.product-type.bundle.ui-testing";
		};
/* End PBXNativeTarget section */

/* Begin PBXProject section */
		50A316462A36ABAD0068F6DC /* Project object */ = {
			isa = PBXProject;
			attributes = {
				BuildIndependentTargetsInParallel = 1;
				LastSwiftUpdateCheck = 1430;
				LastUpgradeCheck = 1430;
				TargetAttributes = {
					50A3164D2A36ABAD0068F6DC = {
						CreatedOnToolsVersion = 14.3.1;
					};
					50A3165D2A36ABAE0068F6DC = {
						CreatedOnToolsVersion = 14.3.1;
						TestTargetID = 50A3164D2A36ABAD0068F6DC;
					};
					50A316672A36ABAE0068F6DC = {
						CreatedOnToolsVersion = 14.3.1;
						TestTargetID = 50A3164D2A36ABAD0068F6DC;
					};
				};
			};
			buildConfigurationList = 50A316492A36ABAD0068F6DC /* Build configuration list for PBXProject "Landmarks" */;
			compatibilityVersion = "Xcode 14.0";
			developmentRegion = en;
			hasScannedForEncodings = 0;
			knownRegions = (
				en,
				Base,
			);
			mainGroup = 50A316452A36ABAD0068F6DC;
			productRefGroup = 50A3164F2A36ABAD0068F6DC /* Products */;
			projectDirPath = "";
			projectRoot = "";
			targets = (
				50A3164D2A36ABAD0068F6DC /* Landmarks */,
				50A3165D2A36ABAE0068F6DC /* LandmarksTests */,
				50A316672A36ABAE0068F6DC /* LandmarksUITests */,
			);
		};
/* End PBXProject section */

/* Begin PBXResourcesBuildPhase section */
		50A3164C2A36ABAD0068F6DC /* Resources */ = {
			isa = PBXResourcesBuildPhase;
			buildActionMask = 2147483647;
			files = (
				50A316A02A3716CB0068F6DC /* hikeData.json in Resources */,
				50A316592A36ABAE0068F6DC /* Preview Assets.xcassets in Resources */,
				50A316562A36ABAE0068F6DC /* Assets.xcassets in Resources */,
				50A316802A36D4960068F6DC /* landmarkData.json in Resources */,
			);
			runOnlyForDeploymentPostprocessing = 0;
		};
		50A3165C2A36ABAE0068F6DC /* Resources */ = {
			isa = PBXResourcesBuildPhase;
			buildActionMask = 2147483647;
			files = (
			);
			runOnlyForDeploymentPostprocessing = 0;
		};
		50A316662A36ABAE0068F6DC /* Resources */ = {
			isa = PBXResourcesBuildPhase;
			buildActionMask = 2147483647;
			files = (
			);
			runOnlyForDeploymentPostprocessing = 0;
		};
/* End PBXResourcesBuildPhase section */

/* Begin PBXSourcesBuildPhase section */
		50A3164A2A36ABAD0068F6DC /* Sources */ = {
			isa = PBXSourcesBuildPhase;
			buildActionMask = 2147483647;
			files = (
				50A316B32A37545C0068F6DC /* CategoryRow.swift in Sources */,
				50A316B72A39940A0068F6DC /* Profile.swift in Sources */,
				50A316542A36ABAD0068F6DC /* ContentView.swift in Sources */,
				50A316B12A3753210068F6DC /* CategoryHome.swift in Sources */,
				50A316C52A3B49BC0068F6DC /* FeatureCard.swift in Sources */,
				50A316A92A3717440068F6DC /* HikeGraph.swift in Sources */,
				50A3169D2A3715230068F6DC /* Badge.swift in Sources */,
				50A3167E2A36D1240068F6DC /* MapView.swift in Sources */,
				50A316A82A3717440068F6DC /* GraphCapsule.swift in Sources */,
				50A316522A36ABAD0068F6DC /* LandmarksApp.swift in Sources */,
				50A3168F2A3705C00068F6DC /* FavoriteButton.swift in Sources */,
				50A316B52A37551D0068F6DC /* CategoryItem.swift in Sources */,
				50A316AA2A3717440068F6DC /* HikeDetail.swift in Sources */,
				50A316BC2A39947D0068F6DC /* ProfileSummary.swift in Sources */,
				50A316952A37119B0068F6DC /* HexagonParameters.swift in Sources */,
				50A316BA2A3994410068F6DC /* ProfileHost.swift in Sources */,
				50A316A22A3716EF0068F6DC /* Hike.swift in Sources */,
				50A3169B2A3714CC0068F6DC /* RotatedBadgeSymbol.swift in Sources */,
				50A316C72A3B4BD20068F6DC /* PageView.swift in Sources */,
				50A316992A37144A0068F6DC /* BadgeSymbol.swift in Sources */,
				50A316C02A3B423C0068F6DC /* ProfileEditor.swift in Sources */,
				50A3168B2A36DB410068F6DC /* LandmarkList.swift in Sources */,
				50A316AB2A3717440068F6DC /* HikeView.swift in Sources */,
				50A3168D2A36E4500068F6DC /* LandmarkDetail.swift in Sources */,
				50A316C32A3B48E70068F6DC /* PageViewController.swift in Sources */,
				50A316972A3712690068F6DC /* BadgeBackground.swift in Sources */,
				50A316BE2A3995180068F6DC /* HikeBadge.swift in Sources */,
				50A3167C2A36B4A40068F6DC /* CircleImage.swift in Sources */,
				50A316822A36D4B70068F6DC /* Landmark.swift in Sources */,
				50A316892A36D9310068F6DC /* LandmarkRow.swift in Sources */,
				50A316842A36D6350068F6DC /* ModelData.swift in Sources */,
			);
			runOnlyForDeploymentPostprocessing = 0;
		};
		50A3165A2A36ABAE0068F6DC /* Sources */ = {
			isa = PBXSourcesBuildPhase;
			buildActionMask = 2147483647;
			files = (
				50A316632A36ABAE0068F6DC /* LandmarksTests.swift in Sources */,
			);
			runOnlyForDeploymentPostprocessing = 0;
		};
		50A316642A36ABAE0068F6DC /* Sources */ = {
			isa = PBXSourcesBuildPhase;
			buildActionMask = 2147483647;
			files = (
				50A3166F2A36ABAE0068F6DC /* LandmarksUITestsLaunchTests.swift in Sources */,
				50A3166D2A36ABAE0068F6DC /* LandmarksUITests.swift in Sources */,
			);
			runOnlyForDeploymentPostprocessing = 0;
		};
/* End PBXSourcesBuildPhase section */

/* Begin PBXTargetDependency section */
		50A316602A36ABAE0068F6DC /* PBXTargetDependency */ = {
			isa = PBXTargetDependency;
			target = 50A3164D2A36ABAD0068F6DC /* Landmarks */;
			targetProxy = 50A3165F2A36ABAE0068F6DC /* PBXContainerItemProxy */;
		};
		50A3166A2A36ABAE0068F6DC /* PBXTargetDependency */ = {
			isa = PBXTargetDependency;
			target = 50A3164D2A36ABAD0068F6DC /* Landmarks */;
			targetProxy = 50A316692A36ABAE0068F6DC /* PBXContainerItemProxy */;
		};
/* End PBXTargetDependency section */

/* Begin XCBuildConfiguration section */
		50A316702A36ABAE0068F6DC /* Debug */ = {
			isa = XCBuildConfiguration;
			buildSettings = {
				ALWAYS_SEARCH_USER_PATHS = NO;
				CLANG_ANALYZER_NONNULL = YES;
				CLANG_ANALYZER_NUMBER_OBJECT_CONVERSION = YES_AGGRESSIVE;
				CLANG_CXX_LANGUAGE_STANDARD = "gnu++20";
				CLANG_ENABLE_MODULES = YES;
				CLANG_ENABLE_OBJC_ARC = YES;
				CLANG_ENABLE_OBJC_WEAK = YES;
				CLANG_WARN_BLOCK_CAPTURE_AUTORELEASING = YES;
				CLANG_WARN_BOOL_CONVERSION = YES;
				CLANG_WARN_COMMA = YES;
				CLANG_WARN_CONSTANT_CONVERSION = YES;
				CLANG_WARN_DEPRECATED_OBJC_IMPLEMENTATIONS = YES;
				CLANG_WARN_DIRECT_OBJC_ISA_USAGE = YES_ERROR;
				CLANG_WARN_DOCUMENTATION_COMMENTS = YES;
				CLANG_WARN_EMPTY_BODY = YES;
				CLANG_WARN_ENUM_CONVERSION = YES;
				CLANG_WARN_INFINITE_RECURSION = YES;
				CLANG_WARN_INT_CONVERSION = YES;
				CLANG_WARN_NON_LITERAL_NULL_CONVERSION = YES;
				CLANG_WARN_OBJC_IMPLICIT_RETAIN_SELF = YES;
				CLANG_WARN_OBJC_LITERAL_CONVERSION = YES;
				CLANG_WARN_OBJC_ROOT_CLASS = YES_ERROR;
				CLANG_WARN_QUOTED_INCLUDE_IN_FRAMEWORK_HEADER = YES;
				CLANG_WARN_RANGE_LOOP_ANALYSIS = YES;
				CLANG_WARN_STRICT_PROTOTYPES = YES;
				CLANG_WARN_SUSPICIOUS_MOVE = YES;
				CLANG_WARN_UNGUARDED_AVAILABILITY = YES_AGGRESSIVE;
				CLANG_WARN_UNREACHABLE_CODE = YES;
				CLANG_WARN__DUPLICATE_METHOD_MATCH = YES;
				COPY_PHASE_STRIP = NO;
				DEBUG_INFORMATION_FORMAT = dwarf;
				ENABLE_STRICT_OBJC_MSGSEND = YES;
				ENABLE_TESTABILITY = YES;
				GCC_C_LANGUAGE_STANDARD = gnu11;
				GCC_DYNAMIC_NO_PIC = NO;
				GCC_NO_COMMON_BLOCKS = YES;
				GCC_OPTIMIZATION_LEVEL = 0;
				GCC_PREPROCESSOR_DEFINITIONS = (
					"DEBUG=1",
					"$(inherited)",
				);
				GCC_WARN_64_TO_32_BIT_CONVERSION = YES;
				GCC_WARN_ABOUT_RETURN_TYPE = YES_ERROR;
				GCC_WARN_UNDECLARED_SELECTOR = YES;
				GCC_WARN_UNINITIALIZED_AUTOS = YES_AGGRESSIVE;
				GCC_WARN_UNUSED_FUNCTION = YES;
				GCC_WARN_UNUSED_VARIABLE = YES;
				IPHONEOS_DEPLOYMENT_TARGET = 16.4;
				MTL_ENABLE_DEBUG_INFO = INCLUDE_SOURCE;
				MTL_FAST_MATH = YES;
				ONLY_ACTIVE_ARCH = YES;
				SDKROOT = iphoneos;
				SWIFT_ACTIVE_COMPILATION_CONDITIONS = DEBUG;
				SWIFT_OPTIMIZATION_LEVEL = "-Onone";
			};
			name = Debug;
		};
		50A316712A36ABAE0068F6DC /* Release */ = {
			isa = XCBuildConfiguration;
			buildSettings = {
				ALWAYS_SEARCH_USER_PATHS = NO;
				CLANG_ANALYZER_NONNULL = YES;
				CLANG_ANALYZER_NUMBER_OBJECT_CONVERSION = YES_AGGRESSIVE;
				CLANG_CXX_LANGUAGE_STANDARD = "gnu++20";
				CLANG_ENABLE_MODULES = YES;
				CLANG_ENABLE_OBJC_ARC = YES;
				CLANG_ENABLE_OBJC_WEAK = YES;
				CLANG_WARN_BLOCK_CAPTURE_AUTORELEASING = YES;
				CLANG_WARN_BOOL_CONVERSION = YES;
				CLANG_WARN_COMMA = YES;
				CLANG_WARN_CONSTANT_CONVERSION = YES;
				CLANG_WARN_DEPRECATED_OBJC_IMPLEMENTATIONS = YES;
				CLANG_WARN_DIRECT_OBJC_ISA_USAGE = YES_ERROR;
				CLANG_WARN_DOCUMENTATION_COMMENTS = YES;
				CLANG_WARN_EMPTY_BODY = YES;
				CLANG_WARN_ENUM_CONVERSION = YES;
				CLANG_WARN_INFINITE_RECURSION = YES;
				CLANG_WARN_INT_CONVERSION = YES;
				CLANG_WARN_NON_LITERAL_NULL_CONVERSION = YES;
				CLANG_WARN_OBJC_IMPLICIT_RETAIN_SELF = YES;
				CLANG_WARN_OBJC_LITERAL_CONVERSION = YES;
				CLANG_WARN_OBJC_ROOT_CLASS = YES_ERROR;
				CLANG_WARN_QUOTED_INCLUDE_IN_FRAMEWORK_HEADER = YES;
				CLANG_WARN_RANGE_LOOP_ANALYSIS = YES;
				CLANG_WARN_STRICT_PROTOTYPES = YES;
				CLANG_WARN_SUSPICIOUS_MOVE = YES;
				CLANG_WARN_UNGUARDED_AVAILABILITY = YES_AGGRESSIVE;
				CLANG_WARN_UNREACHABLE_CODE = YES;
				CLANG_WARN__DUPLICATE_METHOD_MATCH = YES;
				COPY_PHASE_STRIP = NO;
				DEBUG_INFORMATION_FORMAT = "dwarf-with-dsym";
				ENABLE_NS_ASSERTIONS = NO;
				ENABLE_STRICT_OBJC_MSGSEND = YES;
				GCC_C_LANGUAGE_STANDARD = gnu11;
				GCC_NO_COMMON_BLOCKS = YES;
				GCC_WARN_64_TO_32_BIT_CONVERSION = YES;
				GCC_WARN_ABOUT_RETURN_TYPE = YES_ERROR;
				GCC_WARN_UNDECLARED_SELECTOR = YES;
				GCC_WARN_UNINITIALIZED_AUTOS = YES_AGGRESSIVE;
				GCC_WARN_UNUSED_FUNCTION = YES;
				GCC_WARN_UNUSED_VARIABLE = YES;
				IPHONEOS_DEPLOYMENT_TARGET = 16.4;
				MTL_ENABLE_DEBUG_INFO = NO;
				MTL_FAST_MATH = YES;
				SDKROOT = iphoneos;
				SWIFT_COMPILATION_MODE = wholemodule;
				SWIFT_OPTIMIZATION_LEVEL = "-O";
				VALIDATE_PRODUCT = YES;
			};
			name = Release;
		};
		50A316732A36ABAE0068F6DC /* Debug */ = {
			isa = XCBuildConfiguration;
			buildSettings = {
				ASSETCATALOG_COMPILER_APPICON_NAME = AppIcon;
				ASSETCATALOG_COMPILER_GLOBAL_ACCENT_COLOR_NAME = AccentColor;
				CODE_SIGN_STYLE = Automatic;
				CURRENT_PROJECT_VERSION = 1;
				DEVELOPMENT_ASSET_PATHS = "\"Landmarks/Preview Content\"";
				DEVELOPMENT_TEAM = QR7PB4DHG9;
				ENABLE_PREVIEWS = YES;
				GENERATE_INFOPLIST_FILE = YES;
				INFOPLIST_KEY_UIApplicationSceneManifest_Generation = YES;
				INFOPLIST_KEY_UIApplicationSupportsIndirectInputEvents = YES;
				INFOPLIST_KEY_UILaunchScreen_Generation = YES;
				INFOPLIST_KEY_UISupportedInterfaceOrientations_iPad = "UIInterfaceOrientationPortrait UIInterfaceOrientationPortraitUpsideDown UIInterfaceOrientationLandscapeLeft UIInterfaceOrientationLandscapeRight";
				INFOPLIST_KEY_UISupportedInterfaceOrientations_iPhone = "UIInterfaceOrientationPortrait UIInterfaceOrientationLandscapeLeft UIInterfaceOrientationLandscapeRight";
				LD_RUNPATH_SEARCH_PATHS = (
					"$(inherited)",
					"@executable_path/Frameworks",
				);
				MARKETING_VERSION = 1.0;
				PRODUCT_BUNDLE_IDENTIFIER = dev.taroosg.Landmarks;
				PRODUCT_NAME = "$(TARGET_NAME)";
				SWIFT_EMIT_LOC_STRINGS = YES;
				SWIFT_VERSION = 5.0;
				TARGETED_DEVICE_FAMILY = "1,2";
			};
			name = Debug;
		};
		50A316742A36ABAE0068F6DC /* Release */ = {
			isa = XCBuildConfiguration;
			buildSettings = {
				ASSETCATALOG_COMPILER_APPICON_NAME = AppIcon;
				ASSETCATALOG_COMPILER_GLOBAL_ACCENT_COLOR_NAME = AccentColor;
				CODE_SIGN_STYLE = Automatic;
				CURRENT_PROJECT_VERSION = 1;
				DEVELOPMENT_ASSET_PATHS = "\"Landmarks/Preview Content\"";
				DEVELOPMENT_TEAM = QR7PB4DHG9;
				ENABLE_PREVIEWS = YES;
				GENERATE_INFOPLIST_FILE = YES;
				INFOPLIST_KEY_UIApplicationSceneManifest_Generation = YES;
				INFOPLIST_KEY_UIApplicationSupportsIndirectInputEvents = YES;
				INFOPLIST_KEY_UILaunchScreen_Generation = YES;
				INFOPLIST_KEY_UISupportedInterfaceOrientations_iPad = "UIInterfaceOrientationPortrait UIInterfaceOrientationPortraitUpsideDown UIInterfaceOrientationLandscapeLeft UIInterfaceOrientationLandscapeRight";
				INFOPLIST_KEY_UISupportedInterfaceOrientations_iPhone = "UIInterfaceOrientationPortrait UIInterfaceOrientationLandscapeLeft UIInterfaceOrientationLandscapeRight";
				LD_RUNPATH_SEARCH_PATHS = (
					"$(inherited)",
					"@executable_path/Frameworks",
				);
				MARKETING_VERSION = 1.0;
				PRODUCT_BUNDLE_IDENTIFIER = dev.taroosg.Landmarks;
				PRODUCT_NAME = "$(TARGET_NAME)";
				SWIFT_EMIT_LOC_STRINGS = YES;
				SWIFT_VERSION = 5.0;
				TARGETED_DEVICE_FAMILY = "1,2";
			};
			name = Release;
		};
		50A316762A36ABAE0068F6DC /* Debug */ = {
			isa = XCBuildConfiguration;
			buildSettings = {
				ALWAYS_EMBED_SWIFT_STANDARD_LIBRARIES = YES;
				BUNDLE_LOADER = "$(TEST_HOST)";
				CODE_SIGN_STYLE = Automatic;
				CURRENT_PROJECT_VERSION = 1;
				DEVELOPMENT_TEAM = QR7PB4DHG9;
				GENERATE_INFOPLIST_FILE = YES;
				IPHONEOS_DEPLOYMENT_TARGET = 16.4;
				MARKETING_VERSION = 1.0;
				PRODUCT_BUNDLE_IDENTIFIER = dev.taroosg.LandmarksTests;
				PRODUCT_NAME = "$(TARGET_NAME)";
				SWIFT_EMIT_LOC_STRINGS = NO;
				SWIFT_VERSION = 5.0;
				TARGETED_DEVICE_FAMILY = "1,2";
				TEST_HOST = "$(BUILT_PRODUCTS_DIR)/Landmarks.app/$(BUNDLE_EXECUTABLE_FOLDER_PATH)/Landmarks";
			};
			name = Debug;
		};
		50A316772A36ABAE0068F6DC /* Release */ = {
			isa = XCBuildConfiguration;
			buildSettings = {
				ALWAYS_EMBED_SWIFT_STANDARD_LIBRARIES = YES;
				BUNDLE_LOADER = "$(TEST_HOST)";
				CODE_SIGN_STYLE = Automatic;
				CURRENT_PROJECT_VERSION = 1;
				DEVELOPMENT_TEAM = QR7PB4DHG9;
				GENERATE_INFOPLIST_FILE = YES;
				IPHONEOS_DEPLOYMENT_TARGET = 16.4;
				MARKETING_VERSION = 1.0;
				PRODUCT_BUNDLE_IDENTIFIER = dev.taroosg.LandmarksTests;
				PRODUCT_NAME = "$(TARGET_NAME)";
				SWIFT_EMIT_LOC_STRINGS = NO;
				SWIFT_VERSION = 5.0;
				TARGETED_DEVICE_FAMILY = "1,2";
				TEST_HOST = "$(BUILT_PRODUCTS_DIR)/Landmarks.app/$(BUNDLE_EXECUTABLE_FOLDER_PATH)/Landmarks";
			};
			name = Release;
		};
		50A316792A36ABAE0068F6DC /* Debug */ = {
			isa = XCBuildConfiguration;
			buildSettings = {
				ALWAYS_EMBED_SWIFT_STANDARD_LIBRARIES = YES;
				CODE_SIGN_STYLE = Automatic;
				CURRENT_PROJECT_VERSION = 1;
				DEVELOPMENT_TEAM = QR7PB4DHG9;
				GENERATE_INFOPLIST_FILE = YES;
				MARKETING_VERSION = 1.0;
				PRODUCT_BUNDLE_IDENTIFIER = dev.taroosg.LandmarksUITests;
				PRODUCT_NAME = "$(TARGET_NAME)";
				SWIFT_EMIT_LOC_STRINGS = NO;
				SWIFT_VERSION = 5.0;
				TARGETED_DEVICE_FAMILY = "1,2";
				TEST_TARGET_NAME = Landmarks;
			};
			name = Debug;
		};
		50A3167A2A36ABAE0068F6DC /* Release */ = {
			isa = XCBuildConfiguration;
			buildSettings = {
				ALWAYS_EMBED_SWIFT_STANDARD_LIBRARIES = YES;
				CODE_SIGN_STYLE = Automatic;
				CURRENT_PROJECT_VERSION = 1;
				DEVELOPMENT_TEAM = QR7PB4DHG9;
				GENERATE_INFOPLIST_FILE = YES;
				MARKETING_VERSION = 1.0;
				PRODUCT_BUNDLE_IDENTIFIER = dev.taroosg.LandmarksUITests;
				PRODUCT_NAME = "$(TARGET_NAME)";
				SWIFT_EMIT_LOC_STRINGS = NO;
				SWIFT_VERSION = 5.0;
				TARGETED_DEVICE_FAMILY = "1,2";
				TEST_TARGET_NAME = Landmarks;
			};
			name = Release;
		};
/* End XCBuildConfiguration section */

/* Begin XCConfigurationList section */
		50A316492A36ABAD0068F6DC /* Build configuration list for PBXProject "Landmarks" */ = {
			isa = XCConfigurationList;
			buildConfigurations = (
				50A316702A36ABAE0068F6DC /* Debug */,
				50A316712A36ABAE0068F6DC /* Release */,
			);
			defaultConfigurationIsVisible = 0;
			defaultConfigurationName = Release;
		};
		50A316722A36ABAE0068F6DC /* Build configuration list for PBXNativeTarget "Landmarks" */ = {
			isa = XCConfigurationList;
			buildConfigurations = (
				50A316732A36ABAE0068F6DC /* Debug */,
				50A316742A36ABAE0068F6DC /* Release */,
			);
			defaultConfigurationIsVisible = 0;
			defaultConfigurationName = Release;
		};
		50A316752A36ABAE0068F6DC /* Build configuration list for PBXNativeTarget "LandmarksTests" */ = {
			isa = XCConfigurationList;
			buildConfigurations = (
				50A316762A36ABAE0068F6DC /* Debug */,
				50A316772A36ABAE0068F6DC /* Release */,
			);
			defaultConfigurationIsVisible = 0;
			defaultConfigurationName = Release;
		};
		50A316782A36ABAE0068F6DC /* Build configuration list for PBXNativeTarget "LandmarksUITests" */ = {
			isa = XCConfigurationList;
			buildConfigurations = (
				50A316792A36ABAE0068F6DC /* Debug */,
				50A3167A2A36ABAE0068F6DC /* Release */,
			);
			defaultConfigurationIsVisible = 0;
			defaultConfigurationName = Release;
		};
/* End XCConfigurationList section */
	};
	rootObject = 50A316462A36ABAD0068F6DC /* Project object */;
}
